hash: 55c8911573b36fcafa6fa1c8d4160444a39a40f223ebc9109114e382539270e0
updated: 2017-01-18T19:42:53.87334933Z
imports:
- name: github.com/afex/hystrix-go
  version: 39520ddd07a9d9a071d615f7476798659f5a3b89
  subpackages:
  - hystrix
  - hystrix/metric_collector
  - hystrix/rolling
- name: github.com/asaskevich/govalidator
  version: 7b3beb6df3c42abd3509abfc3bcacc0fbfb7c877
  repo: https://github.com/asaskevich/govalidator
- name: github.com/Clever/discovery-go
  version: fd78b9ff3291bf5e69038a9b2da73e91ca0e49c7
- name: github.com/Clever/go-process-metrics
  version: 17c3da159c36ee2bbb4198c8eeada7f68184350f
  subpackages:
  - metrics
- name: github.com/Clever/go-utils
  version: abc25366fa8ee785c21141bd9d6b71efd7c5a619
  subpackages:
  - stringset
- name: github.com/donovanhide/eventsource
  version: fd1de70867126402be23c306e1ce32828455d85b
- name: github.com/fsnotify/fsnotify
  version: fd9ec7deca8bf46ecd2a795baaacf2b3a9be1197
  repo: https://github.com/fsnotify/fsnotify
- name: github.com/go-errors/errors
  version: a41850380601eeb43f4350f7d17c6bbd8944aaf8
- name: github.com/go-openapi/analysis
  version: abc9a6171f5bf03ada39aead1aa7fd7bbd44d50f
- name: github.com/go-openapi/errors
  version: d24ebc2075bad502fac3a8ae27aa6dd58e1952dc
- name: github.com/go-openapi/inflect
  version: b1f6470ffb9c552dc105dd869f16e36ba86ba7d0
  repo: https://github.com/go-openapi/inflect
- name: github.com/go-openapi/jsonpointer
  version: 46af16f9f7b149af66e5d1bd010e3574dc06de98
- name: github.com/go-openapi/jsonreference
  version: 13c6e3589ad90f49bd3e3bbe2c2cb3d7a4142272
- name: github.com/go-openapi/loads
  version: 18441dfa706d924a39a030ee2c3b1d8d81917b38
  subpackages:
  - fmts
- name: github.com/go-openapi/runtime
  version: 12c07accf0687ab20b1e7b6293d8012ce282499c
  repo: https://github.com/go-openapi/runtime
- name: github.com/go-openapi/spec
  version: e9fab754f5629065e6b7a6100301226545d4477e
- name: github.com/go-openapi/strfmt
  version: dfda818c47a4ae5a1dde75ac776f34b2c95de993
- name: github.com/go-openapi/swag
  version: 1d0bd113de87027671077d3c71eb3ac5d7dbba72
- name: github.com/go-openapi/validate
  version: deaf2c9013bc1a7f4c774662259a506ba874d80f
- name: github.com/go-swagger/go-swagger
  version: e6695a646f4673a8d8169ff0e50b96ea97aae483
  subpackages:
  - generator
- name: github.com/gogo/protobuf
  version: 8d70fb3182befc465c4a1eac8ad4d38ff49778e2
  subpackages:
  - proto
- name: github.com/golang/mock
  version: bd3c8e81be01eef76d4b503f5e687d2d1354d2d9
  subpackages:
  - gomock
- name: github.com/golang/protobuf
  version: 3852dcfda249c2097355a6aabb199a28d97b30df
  subpackages:
  - proto
  - ptypes/timestamp
- name: github.com/gorilla/context
  version: 08b5f424b9271eedf6f9f0ce86cb9396ed337a42
  repo: https://github.com/gorilla/context
- name: github.com/gorilla/mux
  version: 757bef944d0f21880861c2dd9c871ca543023cba
- name: github.com/hashicorp/hcl
  version: 3d702911d9708e8fea66cd77e04bd451ff25d3b1
  repo: https://github.com/hashicorp/hcl
  subpackages:
  - hcl/ast
  - hcl/parser
  - hcl/scanner
  - hcl/strconv
  - hcl/token
  - json/parser
  - json/scanner
  - json/token
- name: github.com/kr/pretty
  version: cfb55aafdaf3ec08f0db22699ab822c50091b1c4
  repo: https://github.com/kr/pretty
- name: github.com/kr/text
  version: 7cafcd837844e784b526369c9bce262804aebc60
  repo: https://github.com/kr/text
- name: github.com/lightstep/lightstep-tracer-go
  version: 0d48cd619841b1e1a3cdd20cd6ac97774c0002ce
  subpackages:
  - collectorpb
  - lightstep_thrift
  - thrift_0_9_2/lib/go/thrift
  - thrift_rpc
- name: github.com/magiconair/properties
  version: 0723e352fa358f9322c938cc2dadda874e9151a9
  repo: https://github.com/magiconair/properties
- name: github.com/mailru/easyjson
  version: 159cdb893c982e3d1bc6450322fedd514f9c9de3
  repo: https://github.com/mailru/easyjson
  subpackages:
  - buffer
  - jlexer
  - jwriter
- name: github.com/mitchellh/mapstructure
  version: f3009df150dadf309fdee4a54ed65c124afad715
  repo: https://github.com/mitchellh/mapstructure
- name: github.com/opentracing/basictracer-go
  version: 1b32af207119a14b1b231d451df3ed04a72efebf
  subpackages:
  - wire
- name: github.com/opentracing/opentracing-go
  version: 0c3154a3c2ce79d3271985848659870599dfb77c
  subpackages:
  - ext
  - log
- name: github.com/pelletier/go-buffruneio
  version: df1e16fde7fc330a0ca68167c23bf7ed6ac31d6d
  repo: https://github.com/pelletier/go-buffruneio
- name: github.com/pelletier/go-toml
  version: 45932ad32dfdd20826f5671da37a5f3ce9f26a8d
  repo: https://github.com/pelletier/go-toml
- name: github.com/PuerkitoBio/purell
  version: 8a290539e2e8629dbc4e6bad948158f790ec31f4
  repo: https://github.com/PuerkitoBio/purell
- name: github.com/PuerkitoBio/urlesc
  version: 5bd2802263f21d8788851d5305584c82a5c75d7e
  repo: https://github.com/PuerkitoBio/urlesc
- name: github.com/spf13/afero
  version: 06b7e5f50606ecd49148a01a6008942d9b669217
  repo: https://github.com/spf13/afero
  subpackages:
  - mem
- name: github.com/spf13/cast
  version: 2580bc98dc0e62908119e4737030cc2fdfc45e4c
  repo: https://github.com/spf13/cast
- name: github.com/spf13/jwalterweatherman
  version: 33c24e77fb80341fe7130ee7c594256ff08ccc46
  repo: https://github.com/spf13/jwalterweatherman
- name: github.com/spf13/pflag
  version: 5ccb023bc27df288a957c5e994cd44fd19619465
  repo: https://github.com/spf13/pflag
- name: github.com/spf13/viper
  version: 651d9d916abc3c3d6a91a12549495caba5edffd2
  repo: https://github.com/spf13/viper
- name: github.com/vburenin/nsync
  version: 9a75d1c80410815ac45d65fc01ccabac9c98dd4a
- name: github.com/xeipuuv/gojsonpointer
  version: e0fe6f68307607d540ed8eac07a342c33fa1b54a
- name: github.com/xeipuuv/gojsonreference
  version: e02fc20de94c78484cd5ffb007f8af96be030a45
- name: github.com/xeipuuv/gojsonschema
  version: f06f290571ce81ab347174c6f7ad2e1865af41a7
- name: golang.org/x/net
  version: 0e2717dc3cc05907dc23096ef3a9086ea93f567f
  subpackages:
  - context
  - context/ctxhttp
  - http2
  - http2/hpack
  - idna
  - internal/timeseries
  - lex/httplex
  - trace
- name: golang.org/x/sys
  version: b699b7032584f0953262cb2788a0ca19bb494703
  repo: https://go.googlesource.com/sys
  subpackages:
  - unix
- name: golang.org/x/text
  version: a263ba8db058568bb9beba166777d9c9dbe75d68
  repo: https://go.googlesource.com/text
  subpackages:
  - cases
  - internal
  - internal/tag
  - language
  - runes
  - secure/bidirule
  - secure/precis
  - transform
  - unicode/bidi
  - unicode/norm
  - width
- name: golang.org/x/tools
  version: 5e2ae75eb72a62985e086eed33a5982a929e4fff
  repo: https://go.googlesource.com/tools
  subpackages:
  - go/ast/astutil
  - go/buildutil
  - go/loader
  - imports
- name: google.golang.org/grpc
  version: 50955793b0183f9de69bd78e2ec251cf20aab121
  subpackages:
  - codes
  - credentials
  - grpclog
  - internal
  - metadata
  - naming
  - peer
  - stats
  - tap
  - transport
- name: gopkg.in/Clever/kayvee-go.v3
  version: 056c92dcc68b40c5d6045f755197b3776f914154
  subpackages:
  - logger
- name: gopkg.in/Clever/kayvee-go.v5
  version: 865aa5e4bbe8e274c69accd53f0b1e2ecc484cd8
  subpackages:
  - logger
  - middleware
- name: gopkg.in/Clever/kayvee-go.v6
  version: fa278c9c7f83580b15c163c1efffe6fb4f2e3989
  subpackages:
  - logger
  - router
- name: gopkg.in/mgo.v2
  version: 3f83fa5005286a7fe593b055f0d7771a7dce4655
  subpackages:
  - bson
  - internal/json
- name: gopkg.in/tylerb/graceful.v1
  version: 50a48b6e73fcc75b45e22c05b79629a67c79e938
- name: gopkg.in/yaml.v2
  version: a5b47d31c556af34a302ce5d659e6fea44d90de0
testImports:
- name: github.com/davecgh/go-spew
  version: 346938d642f2ec3594ed81d874461961cd0faa76
  repo: https://github.com/davecgh/go-spew
  subpackages:
  - spew
- name: github.com/pmezard/go-difflib
  version: 792786c7400a136282c1664665ae0a8db921c6c2
  repo: https://github.com/pmezard/go-difflib
  subpackages:
  - difflib
- name: github.com/stretchr/testify
  version: 69483b4bd14f5845b5a1e55bca19e954e827f1d0
  subpackages:
  - assert
  - require
