hash: 681dcd3704e3193fc308bf20c9169b4f5d8e8173e30aac669ae5369d653751a5
updated: 2016-08-31T20:14:27.623991306-07:00
imports:
- name: bitbucket.org/pkg/inflect
  version: 8961c3750a47
- name: github.com/asaskevich/govalidator
  version: 593d64559f7600f29581a3ee42177f5dbded27a9
- name: github.com/davecgh/go-spew
  version: 5215b55f46b2b919f50a1df0eaa5886afe4e3b3d
  subpackages:
  - spew
- name: github.com/go-openapi/analysis
  version: b44dc874b601d9e4e2f6e19140e794ba24bead3b
- name: github.com/go-openapi/errors
  version: d24ebc2075bad502fac3a8ae27aa6dd58e1952dc
- name: github.com/go-openapi/jsonpointer
  version: 46af16f9f7b149af66e5d1bd010e3574dc06de98
- name: github.com/go-openapi/jsonreference
  version: 13c6e3589ad90f49bd3e3bbe2c2cb3d7a4142272
- name: github.com/go-openapi/loads
  version: 18441dfa706d924a39a030ee2c3b1d8d81917b38
  subpackages:
  - fmts
- name: github.com/go-openapi/runtime
  version: 11e322eeecc1032d5a0a96c566ed53f2b5c26e22
- name: github.com/go-openapi/spec
  version: 6aced65f8501fe1217321abf0749d354824ba2ff
- name: github.com/go-openapi/strfmt
  version: d65c7fdb29eca313476e529628176fe17e58c488
- name: github.com/go-openapi/swag
  version: 0e04f5e499b19bf51031c01a00f098f25067d8dc
- name: github.com/go-openapi/validate
  version: deaf2c9013bc1a7f4c774662259a506ba874d80f
- name: github.com/go-swagger/go-swagger
  version: fa33185e4cd5c4c787db1047c7bd1fca7f857bca
  subpackages:
  - /generator
- name: github.com/go-swagger/scan-repo-boundary
  version: 196ec52cfa1c96b45dd793dfa0fa3f8877b299da
- name: github.com/golang/mock
  version: bd3c8e81be01eef76d4b503f5e687d2d1354d2d9
  subpackages:
  - /gomock
- name: github.com/gorilla/context
  version: 08b5f424b9271eedf6f9f0ce86cb9396ed337a42
- name: github.com/gorilla/mux
  version: 0b13a922203ebdbfd236c818efcd5ed46097d690
- name: github.com/jessevdk/go-flags
  version: f2785f5820ec967043de79c8be97edfc464ca745
- name: github.com/mailru/easyjson
  version: 3d7eb5818bd515e07588ded25d0d501516a0309d
- name: github.com/opentracing/opentracing-go
  version: 77a31d686003349e89c89e58408aafcd20003f41
- name: github.com/pmezard/go-difflib
  version: d8ed2627bdf02c080bf22230dbb337003b7aba2d
  subpackages:
  - difflib
- name: github.com/PuerkitoBio/purell
  version: 8a290539e2e8629dbc4e6bad948158f790ec31f4
- name: github.com/PuerkitoBio/urlesc
  version: 5bd2802263f21d8788851d5305584c82a5c75d7e
- name: github.com/stretchr/objx
  version: cbeaeb16a013161a98496fad62933b1d21786672
- name: github.com/stretchr/testify
  version: d77da356e56a7428ad25149ca77381849a6a5232
- name: github.com/tylerb/graceful
  version: 842f31108f8d3512ce3176d00bf1a32db1d5e3af
- name: github.com/urfave/negroni
  version: 5d815f907a182b6131cc88af3f17f898b93142a5
- name: github.com/vburenin/nsync
  version: 9a75d1c80410815ac45d65fc01ccabac9c98dd4a
- name: golang.org/x/crypto
  version: f160b6bf95857cd862817875dd958be022e587c4
- name: golang.org/x/net
  version: 7394c112eae4dba7e96bfcfe738e6373d61772b4
  subpackages:
  - /context/ctxhttp
- name: golang.org/x/text
  version: d69c40b4be55797923cec7457fac7a244d91a9b6
- name: golang.org/x/tools
  version: 8ea9d4606980305f7f46cabde046adbb530e71c8
- name: gopkg.in/Clever/kayvee-go.v4
  version: 401bc2bbd8409a21efc32aacad81f4a6aa1b2488
  subpackages:
  - /logger
  - middleware
- name: gopkg.in/tylerb/graceful.v1
  version: 50a48b6e73fcc75b45e22c05b79629a67c79e938
- name: gopkg.in/yaml.v2
  version: e4d366fc3c7938e2958e662b4258c7a89e1f0e3e
devImports: []
