# This file is autogenerated, do not edit; changes may be undone by the next 'dep ensure'.


[[projects]]
  branch = "master"
  digest = "1:8280a37746523b1140c1b99d3061bcd0a94d74dc131860dd419f7f5a9606fd00"
  name = "github.com/Clever/discovery-go"
  packages = ["."]
  pruneopts = ""
  revision = "da13a5b32689e5c3d4ca26db31271fff9315b3e3"

[[projects]]
  branch = "master"
  digest = "1:1e0749b010153720fc14154d6b23016f6156dc04345e5ac65a3cb89c70108aeb"
  name = "github.com/Clever/go-process-metrics"
  packages = ["metrics"]
  pruneopts = ""
  revision = "d5be17523a848bcdac0f47ad3e62aa2da2d824a8"

[[projects]]
  branch = "master"
  digest = "1:f891877f38195fbb76f0fd182ab5104eb2b5d78eb694384a1e0e9942ea75f4f7"
  name = "github.com/Clever/go-utils"
  packages = ["stringset"]
  pruneopts = ""
  revision = "2dac0ec6f2ac65ef7ca2ca5f563c1c33adc155c0"

[[projects]]
  digest = "1:c0952fb3cf9506cff577b4edf4458889570dcbd2902a7b90a1fd96bfbb97ccd8"
  name = "github.com/PuerkitoBio/purell"
  packages = ["."]
  pruneopts = ""
  revision = "44968752391892e1b0d0b821ee79e9a85fa13049"
  version = "v1.1.1"

[[projects]]
  branch = "master"
  digest = "1:331a419049c2be691e5ba1d24342fc77c7e767a80c666a18fd8a9f7b82419c1c"
  name = "github.com/PuerkitoBio/urlesc"
  packages = ["."]
  pruneopts = ""
  revision = "de5bf2ad457846296e2031421a34e2568e304e35"

[[projects]]
  branch = "master"
  digest = "1:0ef07197f29c21ea0d5e3d0f686b5c7bed2e2c69cb8b4be6228d83ee9e4ed5ae"
  name = "github.com/afex/hystrix-go"
  packages = [
    "hystrix",
    "hystrix/metric_collector",
    "hystrix/rolling",
  ]
  pruneopts = ""
  revision = "fa1af6a1f4f56e0e50d427fe901cd604d8c6fb8a"

[[projects]]
  digest = "1:d8a2bb36a048d1571bcc1aee208b61f39dc16c6c53823feffd37449dde162507"
  name = "github.com/asaskevich/govalidator"
  packages = ["."]
  pruneopts = ""
  revision = "ccb8e960c48f04d6935e72476ae4a51028f9e22f"
  version = "v9"

[[projects]]
  digest = "1:ff93b72cfe8f0ea34a6b2a5ec76061996451e8eb547e05ec1c333d1c9d17d4c4"
  name = "github.com/aws/aws-sdk-go"
  packages = [
    "aws",
    "aws/awserr",
    "aws/awsutil",
    "aws/client",
    "aws/client/metadata",
    "aws/corehandlers",
    "aws/credentials",
    "aws/credentials/ec2rolecreds",
    "aws/credentials/endpointcreds",
    "aws/credentials/processcreds",
    "aws/credentials/stscreds",
    "aws/crr",
    "aws/csm",
    "aws/defaults",
    "aws/ec2metadata",
    "aws/endpoints",
    "aws/request",
    "aws/session",
    "aws/signer/v4",
    "internal/ini",
    "internal/sdkio",
    "internal/sdkmath",
    "internal/sdkrand",
    "internal/sdkuri",
    "internal/shareddefaults",
    "private/protocol",
    "private/protocol/json/jsonutil",
    "private/protocol/jsonrpc",
    "private/protocol/query",
    "private/protocol/query/queryutil",
    "private/protocol/rest",
    "private/protocol/xml/xmlutil",
    "service/dynamodb",
    "service/dynamodb/dynamodbattribute",
    "service/dynamodb/dynamodbiface",
    "service/sts",
    "service/sts/stsiface",
  ]
  pruneopts = ""
  revision = "6bb638a9cf6177e3cc9748a95a2410bb26f1f426"
  version = "v1.25.8"

[[projects]]
  branch = "master"
  digest = "1:2d859ed53edb289d4b1281802b7f9d4f8b35935576abfd98d6ccff993e8cfb13"
  name = "github.com/awslabs/goformation"
  packages = [
    "cloudformation/policies",
    "cloudformation/resources",
  ]
  pruneopts = ""
  revision = "b2d834c6de9c6e308ac6f3e73b4bcaedbd97ee59"

[[projects]]
  digest = "1:0deddd908b6b4b768cfc272c16ee61e7088a60f7fe2f06c547bd3d8e1f8b8e77"
  name = "github.com/davecgh/go-spew"
  packages = ["spew"]
  pruneopts = ""
  revision = "8991bc29aa16c548c550c7ff78260e27b9ab7c73"
  version = "v1.1.1"

[[projects]]
  branch = "master"
  digest = "1:917123ed8122468eb815cc418af3bbf298c91f9cb1c36164e063f50e1a726e97"
  name = "github.com/donovanhide/eventsource"
  packages = ["."]
  pruneopts = ""
  revision = "3ed64d21fb0b6bd8b49bcfec08f3004daee8723d"

[[projects]]
  digest = "1:eb53021a8aa3f599d29c7102e65026242bdedce998a54837dc67f14b6a97c5fd"
  name = "github.com/fsnotify/fsnotify"
  packages = ["."]
  pruneopts = ""
  revision = "c2828203cd70a50dcccfb2761f8b1f8ceef9a8e9"
  version = "v1.4.7"

[[projects]]
  digest = "1:968d8903d598e3fae738325d3410f33f07ea6a2b9ee5591e9c262ee37df6845a"
  name = "github.com/go-errors/errors"
  packages = ["."]
  pruneopts = ""
  revision = "a6af135bd4e28680facf08a3d206b454abc877a4"
  version = "v1.0.1"

[[projects]]
  digest = "1:8563ebb86a9a5300d7d215afa610097e14db831fff9b6e40683f8c9a623c9982"
  name = "github.com/go-openapi/analysis"
  packages = [
    ".",
    "internal",
  ]
  pruneopts = ""
  revision = "9864a87593df5ab83eac00921906932d1d77fae2"
  version = "v0.19.5"

[[projects]]
  branch = "master"
  digest = "1:98d66fd3ff182297a19919a419e52b9a2966b43f1a88d950e8a9a41f812349c9"
  name = "github.com/go-openapi/errors"
  packages = ["."]
  pruneopts = ""
  revision = "9b273e805998abc751853b4e1574d66e5df888b4"

[[projects]]
  digest = "1:770f9cb920b44f3684b0ecccaca45209772bfb29ea03354f7c088de58ec2538d"
  name = "github.com/go-openapi/inflect"
  packages = ["."]
  pruneopts = ""
  revision = "16a898ed1f4943794fb9b0e7afb7376a7619cf21"
  version = "v0.19.0"

[[projects]]
  digest = "1:47688961daa2895c860642608d671822b7b53fed1e3e3e2d46506f01dcddaae3"
  name = "github.com/go-openapi/jsonpointer"
  packages = ["."]
  pruneopts = ""
  revision = "ed123515f087412cd7ef02e49b0b0a5e6a79a360"
  version = "v0.19.3"

[[projects]]
  branch = "master"
  digest = "1:69c513ad15614075cbb474bc636fbb901aa3e9273a6da3d583df76fa62ec83d3"
  name = "github.com/go-openapi/jsonreference"
  packages = ["."]
  pruneopts = ""
  revision = "82f31475a8f7a12bc26962f6e26ceade8ea6f66a"

[[projects]]
  branch = "master"
  digest = "1:edefe6b2a93c7d161f5dd4074187b64f04f3192e1567f9af8b7a1015f9a7d954"
  name = "github.com/go-openapi/loads"
  packages = [
    ".",
    "fmts",
  ]
  pruneopts = ""
  revision = "c763e5411fc5c14c69d5d44f02b9d92e6f122d2c"

[[projects]]
  digest = "1:c3938cea6d36964c5dfbd6a2f861a09a5f1c4a68c23d781a2c0e9cde7bd014c0"
  name = "github.com/go-openapi/runtime"
  packages = ["."]
  pruneopts = ""
  revision = "c909caa338861d0afbe126b6706e048e54e40f82"
  version = "v0.19.6"

[[projects]]
  digest = "1:3697981d0c0ed6a7499642163b576705d670f11498ea16c8a332bb95e8514ca5"
  name = "github.com/go-openapi/spec"
  packages = ["."]
  pruneopts = ""
  revision = "2223ab324566e4ace63ab69b9c8fff1b81a40eeb"
  version = "v0.19.3"

[[projects]]
  branch = "master"
  digest = "1:35dabc22cec2c6b23b0a446b34c2bcff40f72b64e0d5ed1c9ee06729d7d0e100"
  name = "github.com/go-openapi/strfmt"
  packages = ["."]
  pruneopts = ""
  revision = "6faa644e1cdafc07f7b38eb06c1af5f92128f289"

[[projects]]
  branch = "master"
  digest = "1:fb1a3f651afb10230982d116bef8cb05dff148c5d3243c8ed79ef78d51f1ebe7"
  name = "github.com/go-openapi/swag"
  packages = ["."]
  pruneopts = ""
  revision = "c3d0f7896d589f3babb99eea24bbc7de98108e72"

[[projects]]
  branch = "master"
  digest = "1:6278f150cba0dd31ddccbde741e1d83443b9778a539dafbc8859da544a7992f1"
  name = "github.com/go-openapi/validate"
  packages = ["."]
  pruneopts = ""
  revision = "cae306c30a7752481df7cfb7a7340d1e85fa64d6"

[[projects]]
  digest = "1:a01080d20c45c031c13f3828c56e58f4f51d926a482ad10cc0316225097eb7ea"
  name = "github.com/go-stack/stack"
  packages = ["."]
  pruneopts = ""
  revision = "2fee6af1a9795aafbe0253a0cfbdf668e1fb8a9a"
  version = "v1.8.0"

[[projects]]
  digest = "1:b4e8d910aa71f40c0e58e17ef45248f7ba5d53da972b41418c02eb6163c0b85a"
  name = "github.com/go-swagger/go-swagger"
  packages = ["generator"]
  pruneopts = ""
  revision = "cf3fb25e7a4f340882908c5386ba4f22647e93da"
  version = "v0.20.1"

[[projects]]
  branch = "master"
  digest = "1:8cf53561ed43abb5e54487f74504eac332a2339be706038bb2cc263c96c56758"
  name = "github.com/golang/mock"
  packages = [
    "gomock",
    "mockgen",
    "mockgen/model",
  ]
  pruneopts = ""
  revision = "2b692abeee300713217dcb542d4c2627ba1a4592"

[[projects]]
  digest = "1:883e2fdbdd0e577187bd8106fec775b1176059af267a7f40eba5308955c67d52"
  name = "github.com/gorilla/mux"
  packages = ["."]
  pruneopts = ""
  revision = "00bdffe0f3c77e27d2cf6f5c70232a2d3e4d9c15"
  version = "v1.7.3"

[[projects]]
  digest = "1:d14365c51dd1d34d5c79833ec91413bfbb166be978724f15701e17080dc06dec"
  name = "github.com/hashicorp/hcl"
  packages = [
    ".",
    "hcl/ast",
    "hcl/parser",
    "hcl/printer",
    "hcl/scanner",
    "hcl/strconv",
    "hcl/token",
    "json/parser",
    "json/scanner",
    "json/token",
  ]
  pruneopts = ""
  revision = "8cb6e5b959231cc1119e43259c4a608f9c51a241"
  version = "v1.0.0"

[[projects]]
  digest = "1:13fe471d0ed891e8544eddfeeb0471fd3c9f2015609a1c000aefdedf52a19d40"
  name = "github.com/jmespath/go-jmespath"
  packages = ["."]
  pruneopts = ""
  revision = "c2b33e84"

[[projects]]
  branch = "master"
  digest = "1:e71cc6b377264002aec0d9c235087e51ad7a3c1fb341bb4baa84709308b94fe8"
  name = "github.com/kardianos/osext"
  packages = ["."]
  pruneopts = ""
  revision = "2bc1f35cddc0cc527b4bc3dce8578fc2a6c11384"

[[projects]]
  digest = "1:3108ec0946181c60040ff51b811908f89d03e521e2b4ade5ef5c65b3c0e911ae"
  name = "github.com/kr/pretty"
  packages = ["."]
  pruneopts = ""
  revision = "73f6ac0b30a98e433b289500d779f50c1a6f0712"
  version = "v0.1.0"

[[projects]]
  digest = "1:11b056b4421396ab14e384ab8ab8c2079b03f1e51aa5eb4d9b81f9e0d1aa8fbf"
  name = "github.com/kr/text"
  packages = ["."]
  pruneopts = ""
  revision = "e2ffdb16a802fe2bb95e2e35ff34f0e53aeef34f"
  version = "v0.1.0"

[[projects]]
  digest = "1:ae39921edb7f801f7ce1b6b5484f9715a1dd2b52cb645daef095cd10fd6ee774"
  name = "github.com/magiconair/properties"
  packages = ["."]
  pruneopts = ""
  revision = "de8848e004dd33dc07a2947b3d76f618a7fc7ef1"
  version = "v1.8.1"

[[projects]]
  digest = "1:263db331ad7732d9d1e45003031dd3d6295c0c4be232f99596dde34fa51e3df9"
  name = "github.com/mailru/easyjson"
  packages = [
    "buffer",
    "jlexer",
    "jwriter",
  ]
  pruneopts = ""
  revision = "1b2b06f5f209fea48ff5922d8bfb2b9ed5d8f00b"
  version = "v0.7.0"

[[projects]]
  digest = "1:bcc46a0fbd9e933087bef394871256b5c60269575bb661935874729c65bbbf60"
  name = "github.com/mitchellh/mapstructure"
  packages = ["."]
  pruneopts = ""
  revision = "3536a929edddb9a5b34bd6861dc4a9647cb459fe"
  version = "v1.1.2"

[[projects]]
  branch = "master"
  digest = "1:7212f24f983f7619f191d92bfcde4f78c0ceb116526342341845131e6375ec9c"
  name = "github.com/opentracing-contrib/go-aws-sdk"
  packages = ["."]
  pruneopts = ""
  revision = "9c29407076c0bd904a31258c4e881282aeb95cff"

[[projects]]
  digest = "1:1fc4897d3cc482d070651563c16a51489296cd9150e6d53fb7ff4d59a24334bc"
  name = "github.com/opentracing/opentracing-go"
  packages = [
    ".",
    "ext",
    "log",
  ]
  pruneopts = ""
  revision = "659c90643e714681897ec2521c60567dd21da733"
  version = "v1.1.0"

[[projects]]
  digest = "1:67d84c0ff107908e53fb2c9f42f1181a1b8b33f0c230d47281cc20ab21824c0e"
  name = "github.com/pelletier/go-toml"
  packages = ["."]
  pruneopts = ""
  revision = "8fe62057ea2d46ce44254c98e84e810044dbe197"
  version = "v1.5.0"

[[projects]]
  digest = "1:1d7e1867c49a6dd9856598ef7c3123604ea3daabf5b83f303ff457bcbc410b1d"
  name = "github.com/pkg/errors"
  packages = ["."]
  pruneopts = ""
  revision = "ba968bfe8b2f7e042a574c888954fccecfa385b4"
  version = "v0.8.1"

[[projects]]
  digest = "1:256484dbbcd271f9ecebc6795b2df8cad4c458dd0f5fd82a8c2fa0c29f233411"
  name = "github.com/pmezard/go-difflib"
  packages = ["difflib"]
  pruneopts = ""
  revision = "792786c7400a136282c1664665ae0a8db921c6c2"
  version = "v1.0.0"

[[projects]]
  digest = "1:956f655c87b7255c6b1ae6c203ebb0af98cf2a13ef2507e34c9bf1c0332ac0f5"
  name = "github.com/spf13/afero"
  packages = [
    ".",
    "mem",
  ]
  pruneopts = ""
  revision = "588a75ec4f32903aa5e39a2619ba6a4631e28424"
  version = "v1.2.2"

[[projects]]
  digest = "1:ae3493c780092be9d576a1f746ab967293ec165e8473425631f06658b6212afc"
  name = "github.com/spf13/cast"
  packages = ["."]
  pruneopts = ""
  revision = "8c9545af88b134710ab1cd196795e7f2388358d7"
  version = "v1.3.0"

[[projects]]
  digest = "1:cc15ae4fbdb02ce31f3392361a70ac041f4f02e0485de8ffac92bd8033e3d26e"
  name = "github.com/spf13/jwalterweatherman"
  packages = ["."]
  pruneopts = ""
  revision = "94f6ae3ed3bceceafa716478c5fbf8d29ca601a1"
  version = "v1.1.0"

[[projects]]
  digest = "1:688428eeb1ca80d92599eb3254bdf91b51d7e232fead3a73844c1f201a281e51"
  name = "github.com/spf13/pflag"
  packages = ["."]
  pruneopts = ""
  revision = "2e9d26c8c37aae03e3f9d4e90b7116f5accb7cab"
  version = "v1.0.5"

[[projects]]
  digest = "1:9b483544fcf4fc0155e566f49ee669c205fba12a36eb18e7f80510796a606db4"
  name = "github.com/spf13/viper"
  packages = ["."]
  pruneopts = ""
  revision = "b5bf975e5823809fb22c7644d008757f78a4259e"
  version = "v1.4.0"

[[projects]]
  digest = "1:f7b541897bcde05a04a044c342ddc7425aab7e331f37b47fbb486cd16324b48e"
  name = "github.com/stretchr/testify"
  packages = [
    "assert",
    "require",
  ]
  pruneopts = ""
  revision = "221dbe5ed46703ee255b1da0dec05086f5035f62"
  version = "v1.4.0"

[[projects]]
  branch = "master"
  digest = "1:18d2186e062adb198d306dce87e9800618d2703e7e402b27dbf4ffbe1724e274"
  name = "github.com/tmthrgd/go-bindata"
  packages = [
    ".",
    "internal/identifier",
    "restore",
  ]
  pruneopts = ""
  revision = "a4b65675e0fb6544e323cdba5b7829cf41c90600"

[[projects]]
  digest = "1:d1b65598d0833cd59ed0a7aae9f9824e6ecbd0f7370d8128080b75ef316c204d"
  name = "github.com/uber/jaeger-client-go"
  packages = [
    ".",
    "config",
    "internal/baggage",
    "internal/baggage/remote",
    "internal/spanlog",
    "internal/throttler",
    "internal/throttler/remote",
    "log",
    "rpcmetrics",
    "thrift",
    "thrift-gen/agent",
    "thrift-gen/baggage",
    "thrift-gen/jaeger",
    "thrift-gen/sampling",
    "thrift-gen/zipkincore",
    "transport",
    "utils",
  ]
  pruneopts = ""
  revision = "d4d621cd6ed9aa5f1fc91eb0d0211d336bd6b79d"
  version = "v2.19.0"

[[projects]]
  digest = "1:6afbf06917cb67a1a895aecd38ff31bd691f4fad239e5ce468f2265359bee7b7"
  name = "github.com/uber/jaeger-lib"
  packages = ["metrics"]
  pruneopts = ""
  revision = "a87ae9d84fb038a8d79266298970720be7c80fcd"
  version = "v2.2.0"

[[projects]]
  branch = "master"
  digest = "1:5372ed388f189f6204f1864a2bae1ce9bbdf33f47528ffc776d31a649e3978aa"
  name = "github.com/xeipuuv/gojsonpointer"
  packages = ["."]
  pruneopts = ""
  revision = "02993c407bfbf5f6dae44c4f4b1cf6a39b5fc5bb"

[[projects]]
  branch = "master"
  digest = "1:604f98a38394d2805a78c462396a4992b93fdd5b7306130add330f1a99ac6b0a"
  name = "github.com/xeipuuv/gojsonreference"
  packages = ["."]
  pruneopts = ""
  revision = "bd5ef7bd5415a7ac448318e64f11a24cd21e594b"

[[projects]]
  branch = "master"
  digest = "1:f1a305d87205e237950c4dbc67918d64538f7be1173ae184d8ef0b19d71d98ed"
  name = "github.com/xeipuuv/gojsonschema"
  packages = ["."]
  pruneopts = ""
  revision = "6a016cf16650f6be7151db7c3be6fc90a2c4d9b1"

[[projects]]
  digest = "1:8a9ea02d9ee3131de39bfd5d40e85c454ada952a435c22754c5a281b84c7fa22"
  name = "go.mongodb.org/mongo-driver"
  packages = [
    "bson",
    "bson/bsoncodec",
    "bson/bsonrw",
    "bson/bsontype",
    "bson/primitive",
    "x/bsonx/bsoncore",
  ]
  pruneopts = ""
  revision = "1261197350f3ad46a907489aee7ecc49b39efb82"
  version = "v1.1.2"

[[projects]]
  branch = "master"
  digest = "1:3b22c4b2a448ff2c35e1740c7968afd9053f065d2252726a36ff7b96bf8b4cb1"
  name = "golang.org/x/net"
  packages = [
    "context/ctxhttp",
    "idna",
  ]
  pruneopts = ""
  revision = "72f939374954d0a1b2a1e27dcda950e2724dd5c1"

[[projects]]
  branch = "master"
  digest = "1:a8266488eb6ecc85c48cc604c0c0ccd32d9de7933eef15f8f1ff308e337a5c21"
  name = "golang.org/x/sys"
  packages = ["unix"]
  pruneopts = ""
  revision = "543471e840be449c53d44b32c7adf1261ad67e37"

[[projects]]
  digest = "1:740b51a55815493a8d0f2b1e0d0ae48fe48953bf7eaf3fcc4198823bf67768c0"
  name = "golang.org/x/text"
  packages = [
    "collate",
    "collate/build",
    "internal/colltab",
    "internal/gen",
    "internal/language",
    "internal/language/compact",
    "internal/tag",
    "internal/triegen",
    "internal/ucd",
    "language",
    "secure/bidirule",
    "transform",
    "unicode/bidi",
    "unicode/cldr",
    "unicode/norm",
    "unicode/rangetable",
    "width",
  ]
  pruneopts = ""
  revision = "342b2e1fbaa52c93f31447ad2c6abc048c63e475"
  version = "v0.3.2"

[[projects]]
  branch = "master"
  digest = "1:1290297b5048f051e77948812e93c4f09a914d02c8fb02cf2dfdaf23d73a5805"
  name = "golang.org/x/time"
  packages = ["rate"]
  pruneopts = ""
  revision = "c4c64cad1fd0a1a8dab2523e04e61d35308e131e"

[[projects]]
  branch = "master"
  digest = "1:e2b14bc74a8cfe2709683001b741cb22b492581c49aeacb96f5801985a84f840"
  name = "golang.org/x/tools"
  packages = [
    "go/ast/astutil",
    "go/gcexportdata",
    "go/internal/gcimporter",
    "go/internal/packagesdriver",
    "go/packages",
    "go/types/typeutil",
    "imports",
    "internal/fastwalk",
    "internal/gopathwalk",
    "internal/imports",
    "internal/module",
    "internal/semver",
  ]
  pruneopts = ""
  revision = "6536af71d98a5bb8f2cbd2f5e62afc2f6cc93dbb"

[[projects]]
  branch = "master"
  digest = "1:dbd0a2ffe12d8988e1b5d5cfb518fb8232e3b29bcf7ac06b75f91ab96db6a70f"
  name = "golang.org/x/xerrors"
  packages = [
    ".",
    "internal",
  ]
  pruneopts = ""
  revision = "a985d3407aa71f30cf86696ee0a2f409709f22e1"

[[projects]]
  digest = "1:ea773118893bc63b7c0794b7278bfa9484b1b0cad6b361b591cb2035ebf1f2d5"
  name = "gopkg.in/Clever/kayvee-go.v6"
  packages = [
    ".",
    "logger",
    "middleware",
    "router",
  ]
  pruneopts = ""
  revision = "163ba53243395eb1ead3887b24516b1d0a8780d2"
  version = "v6.19.0"

[[projects]]
  branch = "v2"
  digest = "1:e56755c5336ff37d20befca76df29097085c85ea1fe58af746e3df6b815decfa"
  name = "gopkg.in/mgo.v2"
  packages = [
    "bson",
    "internal/json",
  ]
  pruneopts = ""
  revision = "a6b53ec6cb22a3699387a57a161566f9402ee85b"

[[projects]]
  digest = "1:8143ea52154df4cf52589d780ad447f625978a4c29713200842ccaa7c532350a"
  name = "gopkg.in/tylerb/graceful.v1"
  packages = ["."]
  pruneopts = ""
  revision = "4654dfbb6ad53cb5e27f37d99b02e16c1872fbbb"
  version = "v1.2.15"

[[projects]]
  branch = "v2"
  digest = "1:06972867fb169c2b9886d666e38bb895a514a1424241e1c1c988977ab430b18e"
  name = "gopkg.in/yaml.v2"
  packages = ["."]
  pruneopts = ""
  revision = "970885f01c8bc1fecb7ab1c8ce8e7609bda45530"

[solve-meta]
  analyzer-name = "dep"
  analyzer-version = 1
  input-imports = [
    "github.com/Clever/discovery-go",
    "github.com/Clever/go-process-metrics/metrics",
    "github.com/Clever/go-utils/stringset",
    "github.com/afex/hystrix-go/hystrix",
    "github.com/aws/aws-sdk-go/aws",
    "github.com/aws/aws-sdk-go/aws/awserr",
    "github.com/aws/aws-sdk-go/aws/credentials",
    "github.com/aws/aws-sdk-go/aws/session",
    "github.com/aws/aws-sdk-go/service/dynamodb",
    "github.com/aws/aws-sdk-go/service/dynamodb/dynamodbattribute",
    "github.com/aws/aws-sdk-go/service/dynamodb/dynamodbiface",
    "github.com/awslabs/goformation/cloudformation/resources",
    "github.com/donovanhide/eventsource",
    "github.com/go-errors/errors",
    "github.com/go-openapi/errors",
    "github.com/go-openapi/jsonreference",
    "github.com/go-openapi/loads",
    "github.com/go-openapi/loads/fmts",
    "github.com/go-openapi/spec",
    "github.com/go-openapi/strfmt",
    "github.com/go-openapi/swag",
    "github.com/go-openapi/validate",
    "github.com/go-swagger/go-swagger/generator",
    "github.com/golang/mock/gomock",
    "github.com/golang/mock/mockgen",
    "github.com/gorilla/mux",
    "github.com/kardianos/osext",
    "github.com/opentracing-contrib/go-aws-sdk",
    "github.com/opentracing/opentracing-go",
    "github.com/opentracing/opentracing-go/ext",
    "github.com/opentracing/opentracing-go/log",
    "github.com/stretchr/testify/assert",
    "github.com/stretchr/testify/require",
    "github.com/tmthrgd/go-bindata",
    "github.com/tmthrgd/go-bindata/restore",
    "github.com/uber/jaeger-client-go",
    "github.com/uber/jaeger-client-go/config",
    "github.com/uber/jaeger-client-go/transport",
    "golang.org/x/net/context/ctxhttp",
    "golang.org/x/time/rate",
    "golang.org/x/xerrors",
    "gopkg.in/Clever/kayvee-go.v6/logger",
    "gopkg.in/Clever/kayvee-go.v6/middleware",
    "gopkg.in/mgo.v2/bson",
    "gopkg.in/tylerb/graceful.v1",
    "gopkg.in/yaml.v2",
  ]
  solver-name = "gps-cdcl"
  solver-version = 1
