{
  "name": "wag",
  "lockfileVersion": 3,
  "requires": true,
  "packages": {
    "": {
      "dependencies": {
        "hystrixjs": "^0.2.0"
      }
    },
    "node_modules/fast-stats": {
      "version": "0.0.3",
      "resolved": "https://registry.npmjs.org/fast-stats/-/fast-stats-0.0.3.tgz",
      "integrity": "sha512-GCDJBJEDccRpAuMcVe+OfMnovhXNPMTuiBl08ZysjcJdSfNNHn1exukCHGNp3q+vbKP2ZuDDhi6w03ad1vFTBw==",
      "engines": {
        "node": "*"
      }
    },
    "node_modules/hystrixjs": {
      "version": "0.2.0",
      "resolved": "https://registry.npmjs.org/hystrixjs/-/hystrixjs-0.2.0.tgz",
      "integrity": "sha512-IuyxI6MotAwZUfAdBVc7YRo79tu0RMqjdTGkw8DR7M/loWAjvQFLoqbBeUqpvOMiNesJ/E0NpsHYIDMwd396Ew==",
      "dependencies": {
        "fast-stats": "0.0.3"
      },
      "peerDependencies": {
        "rxjs": "^5.0.0"
      }
    },
    "node_modules/rxjs": {
      "version": "5.5.12",
      "resolved": "https://registry.npmjs.org/rxjs/-/rxjs-5.5.12.tgz",
      "integrity": "sha512-xx2itnL5sBbqeeiVgNPVuQQ1nC8Jp2WfNJhXWHmElW9YmrpS9UVnNzhP3EH3HFqexO5Tlp8GhYY+WEcqcVMvGw==",
      "peer": true,
      "dependencies": {
        "symbol-observable": "1.0.1"
      },
      "engines": {
        "npm": ">=2.0.0"
      }
    },
    "node_modules/symbol-observable": {
      "version": "1.0.1",
      "resolved": "https://registry.npmjs.org/symbol-observable/-/symbol-observable-1.0.1.tgz",
      "integrity": "sha512-Kb3PrPYz4HanVF1LVGuAdW6LoVgIwjUYJGzFe7NDrBLCN4lsV/5J0MFurV+ygS4bRVwrCEt2c7MQ1R2a72oJDw==",
      "peer": true,
      "engines": {
        "node": ">=0.10.0"
      }
    }
  }
}
